
Microsoft Visual Studio Solution File, Format Version 12.00
# Visual Studio Version 17
VisualStudioVersion = 17.0.31919.166
MinimumVisualStudioVersion = 10.0.40219.1
Project("{9A19103F-16F7-4668-BE54-9A1E7A4F7556}") = "BulkyBookWeb", "BulkyBookWeb\BulkyBookWeb.csproj", "{420542D6-B1DF-4F4B-84DB-D904F5B2FC8C}"
EndProject
Project("{FAE04EC0-301F-11D3-BF4B-00C04F79EFBC}") = "BulkyBook.DataAccess", "BulkyBook.DataAccess\BulkyBook.DataAccess.csproj", "{77751782-6581-4FD2-8C04-02E708A1E00A}"
EndProject
Project("{FAE04EC0-301F-11D3-BF4B-00C04F79EFBC}") = "BulkyBook.Models", "BulkyBook.Models\BulkyBook.Models.csproj", "{CD31855B-3149-423C-95B0-F7B305AAB271}"
EndProject
Project("{FAE04EC0-301F-11D3-BF4B-00C04F79EFBC}") = "BulkyBook.Utility", "BulkyBook.Utility\BulkyBook.Utility.csproj", "{17F5D464-DD7D-4F3B-A193-346367CE1832}"
EndProject
Global
	GlobalSection(SolutionConfigurationPlatforms) = preSolution
		Debug|Any CPU = Debug|Any CPU
		Release|Any CPU = Release|Any CPU
	EndGlobalSection
	GlobalSection(ProjectConfigurationPlatforms) = postSolution
		{420542D6-B1DF-4F4B-84DB-D904F5B2FC8C}.Debug|Any CPU.ActiveCfg = Debug|Any CPU
		{420542D6-B1DF-4F4B-84DB-D904F5B2FC8C}.Debug|Any CPU.Build.0 = Debug|Any CPU
		{420542D6-B1DF-4F4B-84DB-D904F5B2FC8C}.Release|Any CPU.ActiveCfg = Release|Any CPU
		{420542D6-B1DF-4F4B-84DB-D904F5B2FC8C}.Release|Any CPU.Build.0 = Release|Any CPU
		{77751782-6581-4FD2-8C04-02E708A1E00A}.Debug|Any CPU.ActiveCfg = Debug|Any CPU
		{77751782-6581-4FD2-8C04-02E708A1E00A}.Debug|Any CPU.Build.0 = Debug|Any CPU
		{77751782-6581-4FD2-8C04-02E708A1E00A}.Release|Any CPU.ActiveCfg = Release|Any CPU
		{77751782-6581-4FD2-8C04-02E708A1E00A}.Release|Any CPU.Build.0 = Release|Any CPU
		{CD31855B-3149-423C-95B0-F7B305AAB271}.Debug|Any CPU.ActiveCfg = Debug|Any CPU
		{CD31855B-3149-423C-95B0-F7B305AAB271}.Debug|Any CPU.Build.0 = Debug|Any CPU
		{CD31855B-3149-423C-95B0-F7B305AAB271}.Release|Any CPU.ActiveCfg = Release|Any CPU
		{CD31855B-3149-423C-95B0-F7B305AAB271}.Release|Any CPU.Build.0 = Release|Any CPU
		{17F5D464-DD7D-4F3B-A193-346367CE1832}.Debug|Any CPU.ActiveCfg = Debug|Any CPU
		{17F5D464-DD7D-4F3B-A193-346367CE1832}.Debug|Any CPU.Build.0 = Debug|Any CPU
		{17F5D464-DD7D-4F3B-A193-346367CE1832}.Release|Any CPU.ActiveCfg = Release|Any CPU
		{17F5D464-DD7D-4F3B-A193-346367CE1832}.Release|Any CPU.Build.0 = Release|Any CPU
	EndGlobalSection
	GlobalSection(SolutionProperties) = preSolution
		HideSolutionNode = FALSE
	EndGlobalSection
	GlobalSection(ExtensibilityGlobals) = postSolution
		SolutionGuid = {8D6C7B5E-857C-49B6-85CC-C201EF99C827}
	EndGlobalSection
EndGlobal
